
Microsoft Visual Studio Solution File, Format Version 12.00
# Visual Studio Version 16
VisualStudioVersion = 16.0.31410.357
MinimumVisualStudioVersion = 10.0.40219.1
Project("{FAE04EC0-301F-11D3-BF4B-00C04F79EFBC}") = "OcrTest2", "OcrTest2\OcrTest2.csproj", "{2F7B5CBB-F70C-40E8-88C7-03DC68FB1B6F}"
EndProject
Global
	GlobalSection(SolutionConfigurationPlatforms) = preSolution
		Debug|Any CPU = Debug|Any CPU
		Debug|x64 = Debug|x64
		Release|Any CPU = Release|Any CPU
		Release|x64 = Release|x64
	EndGlobalSection
	GlobalSection(ProjectConfigurationPlatforms) = postSolution
		{2F7B5CBB-F70C-40E8-88C7-03DC68FB1B6F}.Debug|Any CPU.ActiveCfg = Debug|Any CPU
		{2F7B5CBB-F70C-40E8-88C7-03DC68FB1B6F}.Debug|Any CPU.Build.0 = Debug|Any CPU
		{2F7B5CBB-F70C-40E8-88C7-03DC68FB1B6F}.Debug|x64.ActiveCfg = Debug|x64
		{2F7B5CBB-F70C-40E8-88C7-03DC68FB1B6F}.Debug|x64.Build.0 = Debug|x64
		{2F7B5CBB-F70C-40E8-88C7-03DC68FB1B6F}.Release|Any CPU.ActiveCfg = Release|Any CPU
		{2F7B5CBB-F70C-40E8-88C7-03DC68FB1B6F}.Release|Any CPU.Build.0 = Release|Any CPU
		{2F7B5CBB-F70C-40E8-88C7-03DC68FB1B6F}.Release|x64.ActiveCfg = Release|x64
		{2F7B5CBB-F70C-40E8-88C7-03DC68FB1B6F}.Release|x64.Build.0 = Release|x64
	EndGlobalSection
	GlobalSection(SolutionProperties) = preSolution
		HideSolutionNode = FALSE
	EndGlobalSection
	GlobalSection(ExtensibilityGlobals) = postSolution
		SolutionGuid = {C9D0E04D-4C1B-471F-82AC-AB3B688B5093}
	EndGlobalSection
EndGlobal
